// !$*UTF8*$!
{
	archiveVersion = 1;
	classes = {
	};
	objectVersion = 77;
	objects = {

/* Begin PBXContainerItemProxy section */
		D214F09D2FA90CC100EC50E8 /* PBXContainerItemProxy */ = {
			isa = PBXContainerItemProxy;
			containerPortal = D214F0872FA90CBE00EC50E8 /* Project object */;
			proxyType = 1;
			remoteGlobalIDString = D214F08E2FA90CBE00EC50E8;
			remoteInfo = ExplorableSearchPrototype;
		};
		D214F0A72FA90CC100EC50E8 /* PBXContainerItemProxy */ = {
			isa = PBXContainerItemProxy;
			containerPortal = D214F0872FA90CBE00EC50E8 /* Project object */;
			proxyType = 1;
			remoteGlobalIDString = D214F08E2FA90CBE00EC50E8;
			remoteInfo = ExplorableSearchPrototype;
		};
/* End PBXContainerItemProxy section */

/* Begin PBXFileReference section */
		D214F08F2FA90CBE00EC50E8 /* ExplorableSearchPrototype.app */ = {isa = PBXFileReference; explicitFileType = wrapper.application; includeInIndex = 0; path = ExplorableSearchPrototype.app; sourceTree = BUILT_PRODUCTS_DIR; };
		D214F09C2FA90CC100EC50E8 /* ExplorableSearchPrototypeTests.xctest */ = {isa = PBXFileReference; explicitFileType = wrapper.cfbundle; includeInIndex = 0; path = ExplorableSearchPrototypeTests.xctest; sourceTree = BUILT_PRODUCTS_DIR; };
		D214F0A62FA90CC100EC50E8 /* ExplorableSearchPrototypeUITests.xctest */ = {isa = PBXFileReference; explicitFileType = wrapper.cfbundle; includeInIndex = 0; path = ExplorableSearchPrototypeUITests.xctest; sourceTree = BUILT_PRODUCTS_DIR; };
/* End PBXFileReference section */

/* Begin PBXFileSystemSynchronizedRootGroup section */
		D214F0912FA90CBE00EC50E8 /* ExplorableSearchPrototype */ = {
			isa = PBXFileSystemSynchronizedRootGroup;
			path = ExplorableSearchPrototype;
			sourceTree = "<group>";
		};
		D214F09F2FA90CC100EC50E8 /* ExplorableSearchPrototypeTests */ = {
			isa = PBXFileSystemSynchronizedRootGroup;
			path = ExplorableSearchPrototypeTests;
			sourceTree = "<group>";
		};
		D214F0A92FA90CC100EC50E8 /* ExplorableSearchPrototypeUITests */ = {
			isa = PBXFileSystemSynchronizedRootGroup;
			path = ExplorableSearchPrototypeUITests;
			sourceTree = "<group>";
		};
/* End PBXFileSystemSynchronizedRootGroup section */

/* Begin PBXFrameworksBuildPhase section */
		D214F08C2FA90CBE00EC50E8 /* Frameworks */ = {
			isa = PBXFrameworksBuildPhase;
			buildActionMask = 2147483647;
			files = (
			);
			runOnlyForDeploymentPostprocessing = 0;
		};
		D214F0992FA90CC100EC50E8 /* Frameworks */ = {
			isa = PBXFrameworksBuildPhase;
			buildActionMask = 2147483647;
			files = (
			);
			runOnlyForDeploymentPostprocessing = 0;
		};
		D214F0A32FA90CC100EC50E8 /* Frameworks */ = {
			isa = PBXFrameworksBuildPhase;
			buildActionMask = 2147483647;
			files = (
			);
			runOnlyForDeploymentPostprocessing = 0;
		};
/* End PBXFrameworksBuildPhase section */

/* Begin PBXGroup section */
		D214F0862FA90CBE00EC50E8 = {
			isa = PBXGroup;
			children = (
				D214F0912FA90CBE00EC50E8 /* ExplorableSearchPrototype */,
				D214F09F2FA90CC100EC50E8 /* ExplorableSearchPrototypeTests */,
				D214F0A92FA90CC100EC50E8 /* ExplorableSearchPrototypeUITests */,
				D214F0902FA90CBE00EC50E8 /* Products */,
			);
			sourceTree = "<group>";
		};
		D214F0902FA90CBE00EC50E8 /* Products */ = {
			isa = PBXGroup;
			children = (
				D214F08F2FA90CBE00EC50E8 /* ExplorableSearchPrototype.app */,
				D214F09C2FA90CC100EC50E8 /* ExplorableSearchPrototypeTests.xctest */,
				D214F0A62FA90CC100EC50E8 /* ExplorableSearchPrototypeUITests.xctest */,
			);
			name = Products;
			sourceTree = "<group>";
		};
/* End PBXGroup section */

/* Begin PBXNativeTarget section */
		D214F08E2FA90CBE00EC50E8 /* ExplorableSearchPrototype */ = {
			isa = PBXNativeTarget;
			buildConfigurationList = D214F0B02FA90CC100EC50E8 /* Build configuration list for PBXNativeTarget "ExplorableSearchPrototype" */;
			buildPhases = (
				D214F08B2FA90CBE00EC50E8 /* Sources */,
				D214F08C2FA90CBE00EC50E8 /* Frameworks */,
				D214F08D2FA90CBE00EC50E8 /* Resources */,
			);
			buildRules = (
			);
			dependencies = (
			);
			fileSystemSynchronizedGroups = (
				D214F0912FA90CBE00EC50E8 /* ExplorableSearchPrototype */,
			);
			name = ExplorableSearchPrototype;
			packageProductDependencies = (
			);
			productName = ExplorableSearchPrototype;
			productReference = D214F08F2FA90CBE00EC50E8 /* ExplorableSearchPrototype.app */;
			productType = "com.apple.product-type.application";
		};
		D214F09B2FA90CC100EC50E8 /* ExplorableSearchPrototypeTests */ = {
			isa = PBXNativeTarget;
			buildConfigurationList = D214F0B32FA90CC100EC50E8 /* Build configuration list for PBXNativeTarget "ExplorableSearchPrototypeTests" */;
			buildPhases = (
				D214F0982FA90CC100EC50E8 /* Sources */,
				D214F0992FA90CC100EC50E8 /* Frameworks */,
				D214F09A2FA90CC100EC50E8 /* Resources */,
			);
			buildRules = (
			);
			dependencies = (
				D214F09E2FA90CC100EC50E8 /* PBXTargetDependency */,
			);
			fileSystemSynchronizedGroups = (
				D214F09F2FA90CC100EC50E8 /* ExplorableSearchPrototypeTests */,
			);
			name = ExplorableSearchPrototypeTests;
			packageProductDependencies = (
			);
			productName = ExplorableSearchPrototypeTests;
			productReference = D214F09C2FA90CC100EC50E8 /* ExplorableSearchPrototypeTests.xctest */;
			productType = "com.apple.product-type.bundle.unit-test";
		};
		D214F0A52FA90CC100EC50E8 /* ExplorableSearchPrototypeUITests */ = {
			isa = PBXNativeTarget;
			buildConfigurationList = D214F0B62FA90CC100EC50E8 /* Build configuration list for PBXNativeTarget "ExplorableSearchPrototypeUITests" */;
			buildPhases = (
				D214F0A22FA90CC100EC50E8 /* Sources */,
				D214F0A32FA90CC100EC50E8 /* Frameworks */,
				D214F0A42FA90CC100EC50E8 /* Resources */,
			);
			buildRules = (
			);
			dependencies = (
				D214F0A82FA90CC100EC50E8 /* PBXTargetDependency */,
			);
			fileSystemSynchronizedGroups = (
				D214F0A92FA90CC100EC50E8 /* ExplorableSearchPrototypeUITests */,
			);
			name = ExplorableSearchPrototypeUITests;
			packageProductDependencies = (
			);
			productName = ExplorableSearchPrototypeUITests;
			productReference = D214F0A62FA90CC100EC50E8 /* ExplorableSearchPrototypeUITests.xctest */;
			productType = "com.apple.product-type.bundle.ui-testing";
		};
/* End PBXNativeTarget section */

/* Begin PBXProject section */
		D214F0872FA90CBE00EC50E8 /* Project object */ = {
			isa = PBXProject;
			attributes = {
				BuildIndependentTargetsInParallel = 1;
				LastSwiftUpdateCheck = 2640;
				LastUpgradeCheck = 2640;
				TargetAttributes = {
					D214F08E2FA90CBE00EC50E8 = {
						CreatedOnToolsVersion = 26.4;
					};
					D214F09B2FA90CC100EC50E8 = {
						CreatedOnToolsVersion = 26.4;
						TestTargetID = D214F08E2FA90CBE00EC50E8;
					};
					D214F0A52FA90CC100EC50E8 = {
						CreatedOnToolsVersion = 26.4;
						TestTargetID = D214F08E2FA90CBE00EC50E8;
					};
				};
			};
			buildConfigurationList = D214F08A2FA90CBE00EC50E8 /* Build configuration list for PBXProject "ExplorableSearchPrototype" */;
			developmentRegion = en;
			hasScannedForEncodings = 0;
			knownRegions = (
				en,
				Base,
			);
			mainGroup = D214F0862FA90CBE00EC50E8;
			minimizedProjectReferenceProxies = 1;
			preferredProjectObjectVersion = 77;
			productRefGroup = D214F0902FA90CBE00EC50E8 /* Products */;
			projectDirPath = "";
			projectRoot = "";
			targets = (
				D214F08E2FA90CBE00EC50E8 /* ExplorableSearchPrototype */,
				D214F09B2FA90CC100EC50E8 /* ExplorableSearchPrototypeTests */,
				D214F0A52FA90CC100EC50E8 /* ExplorableSearchPrototypeUITests */,
			);
		};
/* End PBXProject section */

/* Begin PBXResourcesBuildPhase section */
		D214F08D2FA90CBE00EC50E8 /* Resources */ = {
			isa = PBXResourcesBuildPhase;
			buildActionMask = 2147483647;
			files = (
			);
			runOnlyForDeploymentPostprocessing = 0;
		};
		D214F09A2FA90CC100EC50E8 /* Resources */ = {
			isa = PBXResourcesBuildPhase;
			buildActionMask = 2147483647;
			files = (
			);
			runOnlyForDeploymentPostprocessing = 0;
		};
		D214F0A42FA90CC100EC50E8 /* Resources */ = {
			isa = PBXResourcesBuildPhase;
			buildActionMask = 2147483647;
			files = (
			);
			runOnlyForDeploymentPostprocessing = 0;
		};
/* End PBXResourcesBuildPhase section */

/* Begin PBXSourcesBuildPhase section */
		D214F08B2FA90CBE00EC50E8 /* Sources */ = {
			isa = PBXSourcesBuildPhase;
			buildActionMask = 2147483647;
			files = (
			);
			runOnlyForDeploymentPostprocessing = 0;
		};
		D214F0982FA90CC100EC50E8 /* Sources */ = {
			isa = PBXSourcesBuildPhase;
			buildActionMask = 2147483647;
			files = (
			);
			runOnlyForDeploymentPostprocessing = 0;
		};
		D214F0A22FA90CC100EC50E8 /* Sources */ = {
			isa = PBXSourcesBuildPhase;
			buildActionMask = 2147483647;
			files = (
			);
			runOnlyForDeploymentPostprocessing = 0;
		};
/* End PBXSourcesBuildPhase section */

/* Begin PBXTargetDependency section */
		D214F09E2FA90CC100EC50E8 /* PBXTargetDependency */ = {
			isa = PBXTargetDependency;
			target = D214F08E2FA90CBE00EC50E8 /* ExplorableSearchPrototype */;
			targetProxy = D214F09D2FA90CC100EC50E8 /* PBXContainerItemProxy */;
		};
		D214F0A82FA90CC100EC50E8 /* PBXTargetDependency */ = {
			isa = PBXTargetDependency;
			target = D214F08E2FA90CBE00EC50E8 /* ExplorableSearchPrototype */;
			targetProxy = D214F0A72FA90CC100EC50E8 /* PBXContainerItemProxy */;
		};
/* End PBXTargetDependency section */

/* Begin XCBuildConfiguration section */
		D214F0AE2FA90CC100EC50E8 /* Debug */ = {
			isa = XCBuildConfiguration;
			buildSettings = {
				ALWAYS_SEARCH_USER_PATHS = NO;
				ASSETCATALOG_COMPILER_GENERATE_SWIFT_ASSET_SYMBOL_EXTENSIONS = YES;
				CLANG_ANALYZER_NONNULL = YES;
				CLANG_ANALYZER_NUMBER_OBJECT_CONVERSION = YES_AGGRESSIVE;
				CLANG_CXX_LANGUAGE_STANDARD = "gnu++20";
				CLANG_ENABLE_MODULES = YES;
				CLANG_ENABLE_OBJC_ARC = YES;
				CLANG_ENABLE_OBJC_WEAK = YES;
				CLANG_WARN_BLOCK_CAPTURE_AUTORELEASING = YES;
				CLANG_WARN_BOOL_CONVERSION = YES;
				CLANG_WARN_COMMA = YES;
				CLANG_WARN_CONSTANT_CONVERSION = YES;
				CLANG_WARN_DEPRECATED_OBJC_IMPLEMENTATIONS = YES;
				CLANG_WARN_DIRECT_OBJC_ISA_USAGE = YES_ERROR;
				CLANG_WARN_DOCUMENTATION_COMMENTS = YES;
				CLANG_WARN_EMPTY_BODY = YES;
				CLANG_WARN_ENUM_CONVERSION = YES;
				CLANG_WARN_INFINITE_RECURSION = YES;
				CLANG_WARN_INT_CONVERSION = YES;
				CLANG_WARN_NON_LITERAL_NULL_CONVERSION = YES;
				CLANG_WARN_OBJC_IMPLICIT_RETAIN_SELF = YES;
				CLANG_WARN_OBJC_LITERAL_CONVERSION = YES;
				CLANG_WARN_OBJC_ROOT_CLASS = YES_ERROR;
				CLANG_WARN_QUOTED_INCLUDE_IN_FRAMEWORK_HEADER = YES;
				CLANG_WARN_RANGE_LOOP_ANALYSIS = YES;
				CLANG_WARN_STRICT_PROTOTYPES = YES;
				CLANG_WARN_SUSPICIOUS_MOVE = YES;
				CLANG_WARN_UNGUARDED_AVAILABILITY = YES_AGGRESSIVE;
				CLANG_WARN_UNREACHABLE_CODE = YES;
				CLANG_WARN__DUPLICATE_METHOD_MATCH = YES;
				COPY_PHASE_STRIP = NO;
				DEBUG_INFORMATION_FORMAT = dwarf;
				DEVELOPMENT_TEAM = J4UC96YYKT;
				ENABLE_STRICT_OBJC_MSGSEND = YES;
				ENABLE_TESTABILITY = YES;
				ENABLE_USER_SCRIPT_SANDBOXING = YES;
				GCC_C_LANGUAGE_STANDARD = gnu17;
				GCC_DYNAMIC_NO_PIC = NO;
				GCC_NO_COMMON_BLOCKS = YES;
				GCC_OPTIMIZATION_LEVEL = 0;
				GCC_PREPROCESSOR_DEFINITIONS = (
					"DEBUG=1",
					"$(inherited)",
				);
				GCC_WARN_64_TO_32_BIT_CONVERSION = YES;
				GCC_WARN_ABOUT_RETURN_TYPE = YES_ERROR;
				GCC_WARN_UNDECLARED_SELECTOR = YES;
				GCC_WARN_UNINITIALIZED_AUTOS = YES_AGGRESSIVE;
				GCC_WARN_UNUSED_FUNCTION = YES;
				GCC_WARN_UNUSED_VARIABLE = YES;
				IPHONEOS_DEPLOYMENT_TARGET = 16.0;
				LOCALIZATION_PREFERS_STRING_CATALOGS = YES;
				MTL_ENABLE_DEBUG_INFO = INCLUDE_SOURCE;
				MTL_FAST_MATH = YES;
				ONLY_ACTIVE_ARCH = YES;
				SDKROOT = iphoneos;
				SWIFT_ACTIVE_COMPILATION_CONDITIONS = "DEBUG $(inherited)";
				SWIFT_OPTIMIZATION_LEVEL = "-Onone";
			};
			name = Debug;
		};
		D214F0AF2FA90CC100EC50E8 /* Release */ = {
			isa = XCBuildConfiguration;
			buildSettings = {
				ALWAYS_SEARCH_USER_PATHS = NO;
				ASSETCATALOG_COMPILER_GENERATE_SWIFT_ASSET_SYMBOL_EXTENSIONS = YES;
				CLANG_ANALYZER_NONNULL = YES;
				CLANG_ANALYZER_NUMBER_OBJECT_CONVERSION = YES_AGGRESSIVE;
				CLANG_CXX_LANGUAGE_STANDARD = "gnu++20";
				CLANG_ENABLE_MODULES = YES;
				CLANG_ENABLE_OBJC_ARC = YES;
				CLANG_ENABLE_OBJC_WEAK = YES;
				CLANG_WARN_BLOCK_CAPTURE_AUTORELEASING = YES;
				CLANG_WARN_BOOL_CONVERSION = YES;
				CLANG_WARN_COMMA = YES;
				CLANG_WARN_CONSTANT_CONVERSION = YES;
				CLANG_WARN_DEPRECATED_OBJC_IMPLEMENTATIONS = YES;
				CLANG_WARN_DIRECT_OBJC_ISA_USAGE = YES_ERROR;
				CLANG_WARN_DOCUMENTATION_COMMENTS = YES;
				CLANG_WARN_EMPTY_BODY = YES;
				CLANG_WARN_ENUM_CONVERSION = YES;
				CLANG_WARN_INFINITE_RECURSION = YES;
				CLANG_WARN_INT_CONVERSION = YES;
				CLANG_WARN_NON_LITERAL_NULL_CONVERSION = YES;
				CLANG_WARN_OBJC_IMPLICIT_RETAIN_SELF = YES;
				CLANG_WARN_OBJC_LITERAL_CONVERSION = YES;
				CLANG_WARN_OBJC_ROOT_CLASS = YES_ERROR;
				CLANG_WARN_QUOTED_INCLUDE_IN_FRAMEWORK_HEADER = YES;
				CLANG_WARN_RANGE_LOOP_ANALYSIS = YES;
				CLANG_WARN_STRICT_PROTOTYPES = YES;
				CLANG_WARN_SUSPICIOUS_MOVE = YES;
				CLANG_WARN_UNGUARDED_AVAILABILITY = YES_AGGRESSIVE;
				CLANG_WARN_UNREACHABLE_CODE = YES;
				CLANG_WARN__DUPLICATE_METHOD_MATCH = YES;
				COPY_PHASE_STRIP = NO;
				DEBUG_INFORMATION_FORMAT = "dwarf-with-dsym";
				DEVELOPMENT_TEAM = J4UC96YYKT;
				ENABLE_NS_ASSERTIONS = NO;
				ENABLE_STRICT_OBJC_MSGSEND = YES;
				ENABLE_USER_SCRIPT_SANDBOXING = YES;
				GCC_C_LANGUAGE_STANDARD = gnu17;
				GCC_NO_COMMON_BLOCKS = YES;
				GCC_WARN_64_TO_32_BIT_CONVERSION = YES;
				GCC_WARN_ABOUT_RETURN_TYPE = YES_ERROR;
				GCC_WARN_UNDECLARED_SELECTOR = YES;
				GCC_WARN_UNINITIALIZED_AUTOS = YES_AGGRESSIVE;
				GCC_WARN_UNUSED_FUNCTION = YES;
				GCC_WARN_UNUSED_VARIABLE = YES;
				IPHONEOS_DEPLOYMENT_TARGET = 16.0;
				LOCALIZATION_PREFERS_STRING_CATALOGS = YES;
				MTL_ENABLE_DEBUG_INFO = NO;
				MTL_FAST_MATH = YES;
				SDKROOT = iphoneos;
				SWIFT_COMPILATION_MODE = wholemodule;
				VALIDATE_PRODUCT = YES;
			};
			name = Release;
		};
		D214F0B12FA90CC100EC50E8 /* Debug */ = {
			isa = XCBuildConfiguration;
			buildSettings = {
				ASSETCATALOG_COMPILER_APPICON_NAME = AppIcon;
				ASSETCATALOG_COMPILER_GLOBAL_ACCENT_COLOR_NAME = AccentColor;
				CODE_SIGN_STYLE = Automatic;
				CURRENT_PROJECT_VERSION = 1;
				DEVELOPMENT_TEAM = J4UC96YYKT;
				ENABLE_PREVIEWS = YES;
				GENERATE_INFOPLIST_FILE = YES;
				INFOPLIST_KEY_UIApplicationSceneManifest_Generation = YES;
				INFOPLIST_KEY_UIApplicationSupportsIndirectInputEvents = YES;
				INFOPLIST_KEY_UILaunchScreen_Generation = YES;
				INFOPLIST_KEY_UISupportedInterfaceOrientations_iPad = "UIInterfaceOrientationPortrait UIInterfaceOrientationPortraitUpsideDown UIInterfaceOrientationLandscapeLeft UIInterfaceOrientationLandscapeRight";
				INFOPLIST_KEY_UISupportedInterfaceOrientations_iPhone = "UIInterfaceOrientationPortrait UIInterfaceOrientationLandscapeLeft UIInterfaceOrientationLandscapeRight";
				LD_RUNPATH_SEARCH_PATHS = (
					"$(inherited)",
					"@executable_path/Frameworks",
				);
				MARKETING_VERSION = 1.0;
				PRODUCT_BUNDLE_IDENTIFIER = lj.ExplorableSearchPrototype;
				PRODUCT_NAME = "$(TARGET_NAME)";
				STRING_CATALOG_GENERATE_SYMBOLS = YES;
				SWIFT_APPROACHABLE_CONCURRENCY = YES;
				SWIFT_DEFAULT_ACTOR_ISOLATION = MainActor;
				SWIFT_EMIT_LOC_STRINGS = YES;
				SWIFT_UPCOMING_FEATURE_MEMBER_IMPORT_VISIBILITY = YES;
				SWIFT_VERSION = 5.0;
				TARGETED_DEVICE_FAMILY = "1,2";
			};
			name = Debug;
		};
		D214F0B22FA90CC100EC50E8 /* Release */ = {
			isa = XCBuildConfiguration;
			buildSettings = {
				ASSETCATALOG_COMPILER_APPICON_NAME = AppIcon;
				ASSETCATALOG_COMPILER_GLOBAL_ACCENT_COLOR_NAME = AccentColor;
				CODE_SIGN_STYLE = Automatic;
				CURRENT_PROJECT_VERSION = 1;
				DEVELOPMENT_TEAM = J4UC96YYKT;
				ENABLE_PREVIEWS = YES;
				GENERATE_INFOPLIST_FILE = YES;
				INFOPLIST_KEY_UIApplicationSceneManifest_Generation = YES;
				INFOPLIST_KEY_UIApplicationSupportsIndirectInputEvents = YES;
				INFOPLIST_KEY_UILaunchScreen_Generation = YES;
				INFOPLIST_KEY_UISupportedInterfaceOrientations_iPad = "UIInterfaceOrientationPortrait UIInterfaceOrientationPortraitUpsideDown UIInterfaceOrientationLandscapeLeft UIInterfaceOrientationLandscapeRight";
				INFOPLIST_KEY_UISupportedInterfaceOrientations_iPhone = "UIInterfaceOrientationPortrait UIInterfaceOrientationLandscapeLeft UIInterfaceOrientationLandscapeRight";
				LD_RUNPATH_SEARCH_PATHS = (
					"$(inherited)",
					"@executable_path/Frameworks",
				);
				MARKETING_VERSION = 1.0;
				PRODUCT_BUNDLE_IDENTIFIER = lj.ExplorableSearchPrototype;
				PRODUCT_NAME = "$(TARGET_NAME)";
				STRING_CATALOG_GENERATE_SYMBOLS = YES;
				SWIFT_APPROACHABLE_CONCURRENCY = YES;
				SWIFT_DEFAULT_ACTOR_ISOLATION = MainActor;
				SWIFT_EMIT_LOC_STRINGS = YES;
				SWIFT_UPCOMING_FEATURE_MEMBER_IMPORT_VISIBILITY = YES;
				SWIFT_VERSION = 5.0;
				TARGETED_DEVICE_FAMILY = "1,2";
			};
			name = Release;
		};
		D214F0B42FA90CC100EC50E8 /* Debug */ = {
			isa = XCBuildConfiguration;
			buildSettings = {
				BUNDLE_LOADER = "$(TEST_HOST)";
				CODE_SIGN_STYLE = Automatic;
				CURRENT_PROJECT_VERSION = 1;
				DEVELOPMENT_TEAM = J4UC96YYKT;
				GENERATE_INFOPLIST_FILE = YES;
				IPHONEOS_DEPLOYMENT_TARGET = 16.0;
				MARKETING_VERSION = 1.0;
				PRODUCT_BUNDLE_IDENTIFIER = lj.ExplorableSearchPrototypeTests;
				PRODUCT_NAME = "$(TARGET_NAME)";
				STRING_CATALOG_GENERATE_SYMBOLS = NO;
				SWIFT_APPROACHABLE_CONCURRENCY = YES;
				SWIFT_EMIT_LOC_STRINGS = NO;
				SWIFT_UPCOMING_FEATURE_MEMBER_IMPORT_VISIBILITY = YES;
				SWIFT_VERSION = 5.0;
				TARGETED_DEVICE_FAMILY = "1,2";
				TEST_HOST = "$(BUILT_PRODUCTS_DIR)/ExplorableSearchPrototype.app/$(BUNDLE_EXECUTABLE_FOLDER_PATH)/ExplorableSearchPrototype";
			};
			name = Debug;
		};
		D214F0B52FA90CC100EC50E8 /* Release */ = {
			isa = XCBuildConfiguration;
			buildSettings = {
				BUNDLE_LOADER = "$(TEST_HOST)";
				CODE_SIGN_STYLE = Automatic;
				CURRENT_PROJECT_VERSION = 1;
				DEVELOPMENT_TEAM = J4UC96YYKT;
				GENERATE_INFOPLIST_FILE = YES;
				IPHONEOS_DEPLOYMENT_TARGET = 16.0;
				MARKETING_VERSION = 1.0;
				PRODUCT_BUNDLE_IDENTIFIER = lj.ExplorableSearchPrototypeTests;
				PRODUCT_NAME = "$(TARGET_NAME)";
				STRING_CATALOG_GENERATE_SYMBOLS = NO;
				SWIFT_APPROACHABLE_CONCURRENCY = YES;
				SWIFT_EMIT_LOC_STRINGS = NO;
				SWIFT_UPCOMING_FEATURE_MEMBER_IMPORT_VISIBILITY = YES;
				SWIFT_VERSION = 5.0;
				TARGETED_DEVICE_FAMILY = "1,2";
				TEST_HOST = "$(BUILT_PRODUCTS_DIR)/ExplorableSearchPrototype.app/$(BUNDLE_EXECUTABLE_FOLDER_PATH)/ExplorableSearchPrototype";
			};
			name = Release;
		};
		D214F0B72FA90CC100EC50E8 /* Debug */ = {
			isa = XCBuildConfiguration;
			buildSettings = {
				CODE_SIGN_STYLE = Automatic;
				CURRENT_PROJECT_VERSION = 1;
				DEVELOPMENT_TEAM = J4UC96YYKT;
				GENERATE_INFOPLIST_FILE = YES;
				MARKETING_VERSION = 1.0;
				PRODUCT_BUNDLE_IDENTIFIER = lj.ExplorableSearchPrototypeUITests;
				PRODUCT_NAME = "$(TARGET_NAME)";
				STRING_CATALOG_GENERATE_SYMBOLS = NO;
				SWIFT_APPROACHABLE_CONCURRENCY = YES;
				SWIFT_EMIT_LOC_STRINGS = NO;
				SWIFT_UPCOMING_FEATURE_MEMBER_IMPORT_VISIBILITY = YES;
				SWIFT_VERSION = 5.0;
				TARGETED_DEVICE_FAMILY = "1,2";
				TEST_TARGET_NAME = ExplorableSearchPrototype;
			};
			name = Debug;
		};
		D214F0B82FA90CC100EC50E8 /* Release */ = {
			isa = XCBuildConfiguration;
			buildSettings = {
				CODE_SIGN_STYLE = Automatic;
				CURRENT_PROJECT_VERSION = 1;
				DEVELOPMENT_TEAM = J4UC96YYKT;
				GENERATE_INFOPLIST_FILE = YES;
				MARKETING_VERSION = 1.0;
				PRODUCT_BUNDLE_IDENTIFIER = lj.ExplorableSearchPrototypeUITests;
				PRODUCT_NAME = "$(TARGET_NAME)";
				STRING_CATALOG_GENERATE_SYMBOLS = NO;
				SWIFT_APPROACHABLE_CONCURRENCY = YES;
				SWIFT_EMIT_LOC_STRINGS = NO;
				SWIFT_UPCOMING_FEATURE_MEMBER_IMPORT_VISIBILITY = YES;
				SWIFT_VERSION = 5.0;
				TARGETED_DEVICE_FAMILY = "1,2";
				TEST_TARGET_NAME = ExplorableSearchPrototype;
			};
			name = Release;
		};
/* End XCBuildConfiguration section */

/* Begin XCConfigurationList section */
		D214F08A2FA90CBE00EC50E8 /* Build configuration list for PBXProject "ExplorableSearchPrototype" */ = {
			isa = XCConfigurationList;
			buildConfigurations = (
				D214F0AE2FA90CC100EC50E8 /* Debug */,
				D214F0AF2FA90CC100EC50E8 /* Release */,
			);
			defaultConfigurationIsVisible = 0;
			defaultConfigurationName = Release;
		};
		D214F0B02FA90CC100EC50E8 /* Build configuration list for PBXNativeTarget "ExplorableSearchPrototype" */ = {
			isa = XCConfigurationList;
			buildConfigurations = (
				D214F0B12FA90CC100EC50E8 /* Debug */,
				D214F0B22FA90CC100EC50E8 /* Release */,
			);
			defaultConfigurationIsVisible = 0;
			defaultConfigurationName = Release;
		};
		D214F0B32FA90CC100EC50E8 /* Build configuration list for PBXNativeTarget "ExplorableSearchPrototypeTests" */ = {
			isa = XCConfigurationList;
			buildConfigurations = (
				D214F0B42FA90CC100EC50E8 /* Debug */,
				D214F0B52FA90CC100EC50E8 /* Release */,
			);
			defaultConfigurationIsVisible = 0;
			defaultConfigurationName = Release;
		};
		D214F0B62FA90CC100EC50E8 /* Build configuration list for PBXNativeTarget "ExplorableSearchPrototypeUITests" */ = {
			isa = XCConfigurationList;
			buildConfigurations = (
				D214F0B72FA90CC100EC50E8 /* Debug */,
				D214F0B82FA90CC100EC50E8 /* Release */,
			);
			defaultConfigurationIsVisible = 0;
			defaultConfigurationName = Release;
		};
/* End XCConfigurationList section */
	};
	rootObject = D214F0872FA90CBE00EC50E8 /* Project object */;
}
